// !$*UTF8*$!
{
	archiveVersion = 1;
	classes = {
	};
	objectVersion = 46;
	objects = {

/* Begin PBXBuildFile section */
		5E8BCBD51EF258F400DE07D2 /* AppDelegate.swift in Sources */ = {isa = PBXBuildFile; fileRef = 5E8BCBD41EF258F400DE07D2 /* AppDelegate.swift */; };
		5E8BCBD71EF258F400DE07D2 /* ViewController.swift in Sources */ = {isa = PBXBuildFile; fileRef = 5E8BCBD61EF258F400DE07D2 /* ViewController.swift */; };
		5E8BCBDA1EF258F400DE07D2 /* Main.storyboard in Resources */ = {isa = PBXBuildFile; fileRef = 5E8BCBD81EF258F400DE07D2 /* Main.storyboard */; };
		5E8BCBDD1EF258F400DE07D2 /* CollectionView.xcdatamodeld in Sources */ = {isa = PBXBuildFile; fileRef = 5E8BCBDB1EF258F400DE07D2 /* CollectionView.xcdatamodeld */; };
		5E8BCBDF1EF258F400DE07D2 /* Assets.xcassets in Resources */ = {isa = PBXBuildFile; fileRef = 5E8BCBDE1EF258F400DE07D2 /* Assets.xcassets */; };
		5E8BCBE21EF258F400DE07D2 /* LaunchScreen.storyboard in Resources */ = {isa = PBXBuildFile; fileRef = 5E8BCBE01EF258F400DE07D2 /* LaunchScreen.storyboard */; };
		5E8BCBED1EF258F400DE07D2 /* CollectionViewTests.swift in Sources */ = {isa = PBXBuildFile; fileRef = 5E8BCBEC1EF258F400DE07D2 /* CollectionViewTests.swift */; };
		5E8BCBF81EF258F400DE07D2 /* CollectionViewUITests.swift in Sources */ = {isa = PBXBuildFile; fileRef = 5E8BCBF71EF258F400DE07D2 /* CollectionViewUITests.swift */; };
/* End PBXBuildFile section */

/* Begin PBXContainerItemProxy section */
		5E8BCBE91EF258F400DE07D2 /* PBXContainerItemProxy */ = {
			isa = PBXContainerItemProxy;
			containerPortal = 5E8BCBC91EF258F400DE07D2 /* Project object */;
			proxyType = 1;
			remoteGlobalIDString = 5E8BCBD01EF258F400DE07D2;
			remoteInfo = CollectionView;
		};
		5E8BCBF41EF258F400DE07D2 /* PBXContainerItemProxy */ = {
			isa = PBXContainerItemProxy;
			containerPortal = 5E8BCBC91EF258F400DE07D2 /* Project object */;
			proxyType = 1;
			remoteGlobalIDString = 5E8BCBD01EF258F400DE07D2;
			remoteInfo = CollectionView;
		};
/* End PBXContainerItemProxy section */

/* Begin PBXFileReference section */
		5E8BCBD11EF258F400DE07D2 /* CollectionView.app */ = {isa = PBXFileReference; explicitFileType = wrapper.application; includeInIndex = 0; path = CollectionView.app; sourceTree = BUILT_PRODUCTS_DIR; };
		5E8BCBD41EF258F400DE07D2 /* AppDelegate.swift */ = {isa = PBXFileReference; lastKnownFileType = sourcecode.swift; path = AppDelegate.swift; sourceTree = "<group>"; };
		5E8BCBD61EF258F400DE07D2 /* ViewController.swift */ = {isa = PBXFileReference; lastKnownFileType = sourcecode.swift; path = ViewController.swift; sourceTree = "<group>"; };
		5E8BCBD91EF258F400DE07D2 /* Base */ = {isa = PBXFileReference; lastKnownFileType = file.storyboard; name = Base; path = Base.lproj/Main.storyboard; sourceTree = "<group>"; };
		5E8BCBDC1EF258F400DE07D2 /* CollectionView.xcdatamodel */ = {isa = PBXFileReference; lastKnownFileType = wrapper.xcdatamodel; path = CollectionView.xcdatamodel; sourceTree = "<group>"; };
		5E8BCBDE1EF258F400DE07D2 /* Assets.xcassets */ = {isa = PBXFileReference; lastKnownFileType = folder.assetcatalog; path = Assets.xcassets; sourceTree = "<group>"; };
		5E8BCBE11EF258F400DE07D2 /* Base */ = {isa = PBXFileReference; lastKnownFileType = file.storyboard; name = Base; path = Base.lproj/LaunchScreen.storyboard; sourceTree = "<group>"; };
		5E8BCBE31EF258F400DE07D2 /* Info.plist */ = {isa = PBXFileReference; lastKnownFileType = text.plist.xml; path = Info.plist; sourceTree = "<group>"; };
		5E8BCBE81EF258F400DE07D2 /* CollectionViewTests.xctest */ = {isa = PBXFileReference; explicitFileType = wrapper.cfbundle; includeInIndex = 0; path = CollectionViewTests.xctest; sourceTree = BUILT_PRODUCTS_DIR; };
		5E8BCBEC1EF258F400DE07D2 /* CollectionViewTests.swift */ = {isa = PBXFileReference; lastKnownFileType = sourcecode.swift; path = CollectionViewTests.swift; sourceTree = "<group>"; };
		5E8BCBEE1EF258F400DE07D2 /* Info.plist */ = {isa = PBXFileReference; lastKnownFileType = text.plist.xml; path = Info.plist; sourceTree = "<group>"; };
		5E8BCBF31EF258F400DE07D2 /* CollectionViewUITests.xctest */ = {isa = PBXFileReference; explicitFileType = wrapper.cfbundle; includeInIndex = 0; path = CollectionViewUITests.xctest; sourceTree = BUILT_PRODUCTS_DIR; };
		5E8BCBF71EF258F400DE07D2 /* CollectionViewUITests.swift */ = {isa = PBXFileReference; lastKnownFileType = sourcecode.swift; path = CollectionViewUITests.swift; sourceTree = "<group>"; };
		5E8BCBF91EF258F400DE07D2 /* Info.plist */ = {isa = PBXFileReference; lastKnownFileType = text.plist.xml; path = Info.plist; sourceTree = "<group>"; };
/* End PBXFileReference section */

/* Begin PBXFrameworksBuildPhase section */
		5E8BCBCE1EF258F400DE07D2 /* Frameworks */ = {
			isa = PBXFrameworksBuildPhase;
			buildActionMask = 2147483647;
			files = (
			);
			runOnlyForDeploymentPostprocessing = 0;
		};
		5E8BCBE51EF258F400DE07D2 /* Frameworks */ = {
			isa = PBXFrameworksBuildPhase;
			buildActionMask = 2147483647;
			files = (
			);
			runOnlyForDeploymentPostprocessing = 0;
		};
		5E8BCBF01EF258F400DE07D2 /* Frameworks */ = {
			isa = PBXFrameworksBuildPhase;
			buildActionMask = 2147483647;
			files = (
			);
			runOnlyForDeploymentPostprocessing = 0;
		};
/* End PBXFrameworksBuildPhase section */

/* Begin PBXGroup section */
		5E8BCBC81EF258F400DE07D2 = {
			isa = PBXGroup;
			children = (
				5E8BCBD31EF258F400DE07D2 /* CollectionView */,
				5E8BCBEB1EF258F400DE07D2 /* CollectionViewTests */,
				5E8BCBF61EF258F400DE07D2 /* CollectionViewUITests */,
				5E8BCBD21EF258F400DE07D2 /* Products */,
			);
			sourceTree = "<group>";
		};
		5E8BCBD21EF258F400DE07D2 /* Products */ = {
			isa = PBXGroup;
			children = (
				5E8BCBD11EF258F400DE07D2 /* CollectionView.app */,
				5E8BCBE81EF258F400DE07D2 /* CollectionViewTests.xctest */,
				5E8BCBF31EF258F400DE07D2 /* CollectionViewUITests.xctest */,
			);
			name = Products;
			sourceTree = "<group>";
		};
		5E8BCBD31EF258F400DE07D2 /* CollectionView */ = {
			isa = PBXGroup;
			children = (
				5E8BCBD41EF258F400DE07D2 /* AppDelegate.swift */,
				5E8BCBD61EF258F400DE07D2 /* ViewController.swift */,
				5E8BCBD81EF258F400DE07D2 /* Main.storyboard */,
				5E8BCBDE1EF258F400DE07D2 /* Assets.xcassets */,
				5E8BCBE01EF258F400DE07D2 /* LaunchScreen.storyboard */,
				5E8BCBE31EF258F400DE07D2 /* Info.plist */,
				5E8BCBDB1EF258F400DE07D2 /* CollectionView.xcdatamodeld */,
			);
			path = CollectionView;
			sourceTree = "<group>";
		};
		5E8BCBEB1EF258F400DE07D2 /* CollectionViewTests */ = {
			isa = PBXGroup;
			children = (
				5E8BCBEC1EF258F400DE07D2 /* CollectionViewTests.swift */,
				5E8BCBEE1EF258F400DE07D2 /* Info.plist */,
			);
			path = CollectionViewTests;
			sourceTree = "<group>";
		};
		5E8BCBF61EF258F400DE07D2 /* CollectionViewUITests */ = {
			isa = PBXGroup;
			children = (
				5E8BCBF71EF258F400DE07D2 /* CollectionViewUITests.swift */,
				5E8BCBF91EF258F400DE07D2 /* Info.plist */,
			);
			path = CollectionViewUITests;
			sourceTree = "<group>";
		};
/* End PBXGroup section */

/* Begin PBXNativeTarget section */
		5E8BCBD01EF258F400DE07D2 /* CollectionView */ = {
			isa = PBXNativeTarget;
			buildConfigurationList = 5E8BCBFC1EF258F400DE07D2 /* Build configuration list for PBXNativeTarget "CollectionView" */;
			buildPhases = (
				5E8BCBCD1EF258F400DE07D2 /* Sources */,
				5E8BCBCE1EF258F400DE07D2 /* Frameworks */,
				5E8BCBCF1EF258F400DE07D2 /* Resources */,
			);
			buildRules = (
			);
			dependencies = (
			);
			name = CollectionView;
			productName = CollectionView;
			productReference = 5E8BCBD11EF258F400DE07D2 /* CollectionView.app */;
			productType = "com.apple.product-type.application";
		};
		5E8BCBE71EF258F400DE07D2 /* CollectionViewTests */ = {
			isa = PBXNativeTarget;
			buildConfigurationList = 5E8BCBFF1EF258F400DE07D2 /* Build configuration list for PBXNativeTarget "CollectionViewTests" */;
			buildPhases = (
				5E8BCBE41EF258F400DE07D2 /* Sources */,
				5E8BCBE51EF258F400DE07D2 /* Frameworks */,
				5E8BCBE61EF258F400DE07D2 /* Resources */,
			);
			buildRules = (
			);
			dependencies = (
				5E8BCBEA1EF258F400DE07D2 /* PBXTargetDependency */,
			);
			name = CollectionViewTests;
			productName = CollectionViewTests;
			productReference = 5E8BCBE81EF258F400DE07D2 /* CollectionViewTests.xctest */;
			productType = "com.apple.product-type.bundle.unit-test";
		};
		5E8BCBF21EF258F400DE07D2 /* CollectionViewUITests */ = {
			isa = PBXNativeTarget;
			buildConfigurationList = 5E8BCC021EF258F400DE07D2 /* Build configuration list for PBXNativeTarget "CollectionViewUITests" */;
			buildPhases = (
				5E8BCBEF1EF258F400DE07D2 /* Sources */,
				5E8BCBF01EF258F400DE07D2 /* Frameworks */,
				5E8BCBF11EF258F400DE07D2 /* Resources */,
			);
			buildRules = (
			);
			dependencies = (
				5E8BCBF51EF258F400DE07D2 /* PBXTargetDependency */,
			);
			name = CollectionViewUITests;
			productName = CollectionViewUITests;
			productReference = 5E8BCBF31EF258F400DE07D2 /* CollectionViewUITests.xctest */;
			productType = "com.apple.product-type.bundle.ui-testing";
		};
/* End PBXNativeTarget section */

/* Begin PBXProject section */
		5E8BCBC91EF258F400DE07D2 /* Project object */ = {
			isa = PBXProject;
			attributes = {
				LastSwiftUpdateCheck = 0830;
				LastUpgradeCheck = 0830;
				ORGANIZATIONNAME = "Kenes Inc.";
				TargetAttributes = {
					5E8BCBD01EF258F400DE07D2 = {
						CreatedOnToolsVersion = 8.3.3;
						DevelopmentTeam = 3Y97H6LP36;
						ProvisioningStyle = Automatic;
					};
					5E8BCBE71EF258F400DE07D2 = {
						CreatedOnToolsVersion = 8.3.3;
						DevelopmentTeam = 3Y97H6LP36;
						ProvisioningStyle = Automatic;
						TestTargetID = 5E8BCBD01EF258F400DE07D2;
					};
					5E8BCBF21EF258F400DE07D2 = {
						CreatedOnToolsVersion = 8.3.3;
						DevelopmentTeam = 3Y97H6LP36;
						ProvisioningStyle = Automatic;
						TestTargetID = 5E8BCBD01EF258F400DE07D2;
					};
				};
			};
			buildConfigurationList = 5E8BCBCC1EF258F400DE07D2 /* Build configuration list for PBXProject "CollectionView" */;
			compatibilityVersion = "Xcode 3.2";
			developmentRegion = English;
			hasScannedForEncodings = 0;
			knownRegions = (
				en,
				Base,
			);
			mainGroup = 5E8BCBC81EF258F400DE07D2;
			productRefGroup = 5E8BCBD21EF258F400DE07D2 /* Products */;
			projectDirPath = "";
			projectRoot = "";
			targets = (
				5E8BCBD01EF258F400DE07D2 /* CollectionView */,
				5E8BCBE71EF258F400DE07D2 /* CollectionViewTests */,
				5E8BCBF21EF258F400DE07D2 /* CollectionViewUITests */,
			);
		};
/* End PBXProject section */

/* Begin PBXResourcesBuildPhase section */
		5E8BCBCF1EF258F400DE07D2 /* Resources */ = {
			isa = PBXResourcesBuildPhase;
			buildActionMask = 2147483647;
			files = (
				5E8BCBE21EF258F400DE07D2 /* LaunchScreen.storyboard in Resources */,
				5E8BCBDF1EF258F400DE07D2 /* Assets.xcassets in Resources */,
				5E8BCBDA1EF258F400DE07D2 /* Main.storyboard in Resources */,
			);
			runOnlyForDeploymentPostprocessing = 0;
		};
		5E8BCBE61EF258F400DE07D2 /* Resources */ = {
			isa = PBXResourcesBuildPhase;
			buildActionMask = 2147483647;
			files = (
			);
			runOnlyForDeploymentPostprocessing = 0;
		};
		5E8BCBF11EF258F400DE07D2 /* Resources */ = {
			isa = PBXResourcesBuildPhase;
			buildActionMask = 2147483647;
			files = (
			);
			runOnlyForDeploymentPostprocessing = 0;
		};
/* End PBXResourcesBuildPhase section */

/* Begin PBXSourcesBuildPhase section */
		5E8BCBCD1EF258F400DE07D2 /* Sources */ = {
			isa = PBXSourcesBuildPhase;
			buildActionMask = 2147483647;
			files = (
				5E8BCBDD1EF258F400DE07D2 /* CollectionView.xcdatamodeld in Sources */,
				5E8BCBD71EF258F400DE07D2 /* ViewController.swift in Sources */,
				5E8BCBD51EF258F400DE07D2 /* AppDelegate.swift in Sources */,
			);
			runOnlyForDeploymentPostprocessing = 0;
		};
		5E8BCBE41EF258F400DE07D2 /* Sources */ = {
			isa = PBXSourcesBuildPhase;
			buildActionMask = 2147483647;
			files = (
				5E8BCBED1EF258F400DE07D2 /* CollectionViewTests.swift in Sources */,
			);
			runOnlyForDeploymentPostprocessing = 0;
		};
		5E8BCBEF1EF258F400DE07D2 /* Sources */ = {
			isa = PBXSourcesBuildPhase;
			buildActionMask = 2147483647;
			files = (
				5E8BCBF81EF258F400DE07D2 /* CollectionViewUITests.swift in Sources */,
			);
			runOnlyForDeploymentPostprocessing = 0;
		};
/* End PBXSourcesBuildPhase section */

/* Begin PBXTargetDependency section */
		5E8BCBEA1EF258F400DE07D2 /* PBXTargetDependency */ = {
			isa = PBXTargetDependency;
			target = 5E8BCBD01EF258F400DE07D2 /* CollectionView */;
			targetProxy = 5E8BCBE91EF258F400DE07D2 /* PBXContainerItemProxy */;
		};
		5E8BCBF51EF258F400DE07D2 /* PBXTargetDependency */ = {
			isa = PBXTargetDependency;
			target = 5E8BCBD01EF258F400DE07D2 /* CollectionView */;
			targetProxy = 5E8BCBF41EF258F400DE07D2 /* PBXContainerItemProxy */;
		};
/* End PBXTargetDependency section */

/* Begin PBXVariantGroup section */
		5E8BCBD81EF258F400DE07D2 /* Main.storyboard */ = {
			isa = PBXVariantGroup;
			children = (
				5E8BCBD91EF258F400DE07D2 /* Base */,
			);
			name = Main.storyboard;
			sourceTree = "<group>";
		};
		5E8BCBE01EF258F400DE07D2 /* LaunchScreen.storyboard */ = {
			isa = PBXVariantGroup;
			children = (
				5E8BCBE11EF258F400DE07D2 /* Base */,
			);
			name = LaunchScreen.storyboard;
			sourceTree = "<group>";
		};
/* End PBXVariantGroup section */

/* Begin XCBuildConfiguration section */
		5E8BCBFA1EF258F400DE07D2 /* Debug */ = {
			isa = XCBuildConfiguration;
			buildSettings = {
				ALWAYS_SEARCH_USER_PATHS = NO;
				CLANG_ANALYZER_NONNULL = YES;
				CLANG_ANALYZER_NUMBER_OBJECT_CONVERSION = YES_AGGRESSIVE;
				CLANG_CXX_LANGUAGE_STANDARD = "gnu++0x";
				CLANG_CXX_LIBRARY = "libc++";
				CLANG_ENABLE_MODULES = YES;
				CLANG_ENABLE_OBJC_ARC = YES;
				CLANG_WARN_BOOL_CONVERSION = YES;
				CLANG_WARN_CONSTANT_CONVERSION = YES;
				CLANG_WARN_DIRECT_OBJC_ISA_USAGE = YES_ERROR;
				CLANG_WARN_DOCUMENTATION_COMMENTS = YES;
				CLANG_WARN_EMPTY_BODY = YES;
				CLANG_WARN_ENUM_CONVERSION = YES;
				CLANG_WARN_INFINITE_RECURSION = YES;
				CLANG_WARN_INT_CONVERSION = YES;
				CLANG_WARN_OBJC_ROOT_CLASS = YES_ERROR;
				CLANG_WARN_SUSPICIOUS_MOVE = YES;
				CLANG_WARN_UNREACHABLE_CODE = YES;
				CLANG_WARN__DUPLICATE_METHOD_MATCH = YES;
				"CODE_SIGN_IDENTITY[sdk=iphoneos*]" = "iPhone Developer";
				COPY_PHASE_STRIP = NO;
				DEBUG_INFORMATION_FORMAT = dwarf;
				ENABLE_STRICT_OBJC_MSGSEND = YES;
				ENABLE_TESTABILITY = YES;
				GCC_C_LANGUAGE_STANDARD = gnu99;
				GCC_DYNAMIC_NO_PIC = NO;
				GCC_NO_COMMON_BLOCKS = YES;
				GCC_OPTIMIZATION_LEVEL = 0;
				GCC_PREPROCESSOR_DEFINITIONS = (
					"DEBUG=1",
					"$(inherited)",
				);
				GCC_WARN_64_TO_32_BIT_CONVERSION = YES;
				GCC_WARN_ABOUT_RETURN_TYPE = YES_ERROR;
				GCC_WARN_UNDECLARED_SELECTOR = YES;
				GCC_WARN_UNINITIALIZED_AUTOS = YES_AGGRESSIVE;
				GCC_WARN_UNUSED_FUNCTION = YES;
				GCC_WARN_UNUSED_VARIABLE = YES;
				IPHONEOS_DEPLOYMENT_TARGET = 10.3;
				MTL_ENABLE_DEBUG_INFO = YES;
				ONLY_ACTIVE_ARCH = YES;
				SDKROOT = iphoneos;
				SWIFT_ACTIVE_COMPILATION_CONDITIONS = DEBUG;
				SWIFT_OPTIMIZATION_LEVEL = "-Onone";
				TARGETED_DEVICE_FAMILY = "1,2";
			};
			name = Debug;
		};
		5E8BCBFB1EF258F400DE07D2 /* Release */ = {
			isa = XCBuildConfiguration;
			buildSettings = {
				ALWAYS_SEARCH_USER_PATHS = NO;
				CLANG_ANALYZER_NONNULL = YES;
				CLANG_ANALYZER_NUMBER_OBJECT_CONVERSION = YES_AGGRESSIVE;
				CLANG_CXX_LANGUAGE_STANDARD = "gnu++0x";
				CLANG_CXX_LIBRARY = "libc++";
				CLANG_ENABLE_MODULES = YES;
				CLANG_ENABLE_OBJC_ARC = YES;
				CLANG_WARN_BOOL_CONVERSION = YES;
				CLANG_WARN_CONSTANT_CONVERSION = YES;
				CLANG_WARN_DIRECT_OBJC_ISA_USAGE = YES_ERROR;
				CLANG_WARN_DOCUMENTATION_COMMENTS = YES;
				CLANG_WARN_EMPTY_BODY = YES;
				CLANG_WARN_ENUM_CONVERSION = YES;
				CLANG_WARN_INFINITE_RECURSION = YES;
				CLANG_WARN_INT_CONVERSION = YES;
				CLANG_WARN_OBJC_ROOT_CLASS = YES_ERROR;
				CLANG_WARN_SUSPICIOUS_MOVE = YES;
				CLANG_WARN_UNREACHABLE_CODE = YES;
				CLANG_WARN__DUPLICATE_METHOD_MATCH = YES;
				"CODE_SIGN_IDENTITY[sdk=iphoneos*]" = "iPhone Developer";
				COPY_PHASE_STRIP = NO;
				DEBUG_INFORMATION_FORMAT = "dwarf-with-dsym";
				ENABLE_NS_ASSERTIONS = NO;
				ENABLE_STRICT_OBJC_MSGSEND = YES;
				GCC_C_LANGUAGE_STANDARD = gnu99;
				GCC_NO_COMMON_BLOCKS = YES;
				GCC_WARN_64_TO_32_BIT_CONVERSION = YES;
				GCC_WARN_ABOUT_RETURN_TYPE = YES_ERROR;
				GCC_WARN_UNDECLARED_SELECTOR = YES;
				GCC_WARN_UNINITIALIZED_AUTOS = YES_AGGRESSIVE;
				GCC_WARN_UNUSED_FUNCTION = YES;
				GCC_WARN_UNUSED_VARIABLE = YES;
				IPHONEOS_DEPLOYMENT_TARGET = 10.3;
				MTL_ENABLE_DEBUG_INFO = NO;
				SDKROOT = iphoneos;
				SWIFT_OPTIMIZATION_LEVEL = "-Owholemodule";
				TARGETED_DEVICE_FAMILY = "1,2";
				VALIDATE_PRODUCT = YES;
			};
			name = Release;
		};
		5E8BCBFD1EF258F400DE07D2 /* Debug */ = {
			isa = XCBuildConfiguration;
			buildSettings = {
				ASSETCATALOG_COMPILER_APPICON_NAME = AppIcon;
				DEVELOPMENT_TEAM = 3Y97H6LP36;
				INFOPLIST_FILE = CollectionView/Info.plist;
				LD_RUNPATH_SEARCH_PATHS = "$(inherited) @executable_path/Frameworks";
				PRODUCT_BUNDLE_IDENTIFIER = Kenes.CollectionView;
				PRODUCT_NAME = "$(TARGET_NAME)";
				SWIFT_VERSION = 3.0;
			};
			name = Debug;
		};
		5E8BCBFE1EF258F400DE07D2 /* Release */ = {
			isa = XCBuildConfiguration;
			buildSettings = {
				ASSETCATALOG_COMPILER_APPICON_NAME = AppIcon;
				DEVELOPMENT_TEAM = 3Y97H6LP36;
				INFOPLIST_FILE = CollectionView/Info.plist;
				LD_RUNPATH_SEARCH_PATHS = "$(inherited) @executable_path/Frameworks";
				PRODUCT_BUNDLE_IDENTIFIER = Kenes.CollectionView;
				PRODUCT_NAME = "$(TARGET_NAME)";
				SWIFT_VERSION = 3.0;
			};
			name = Release;
		};
		5E8BCC001EF258F400DE07D2 /* Debug */ = {
			isa = XCBuildConfiguration;
			buildSettings = {
				ALWAYS_EMBED_SWIFT_STANDARD_LIBRARIES = YES;
				BUNDLE_LOADER = "$(TEST_HOST)";
				DEVELOPMENT_TEAM = 3Y97H6LP36;
				INFOPLIST_FILE = CollectionViewTests/Info.plist;
				LD_RUNPATH_SEARCH_PATHS = "$(inherited) @executable_path/Frameworks @loader_path/Frameworks";
				PRODUCT_BUNDLE_IDENTIFIER = Kenes.CollectionViewTests;
				PRODUCT_NAME = "$(TARGET_NAME)";
				SWIFT_VERSION = 3.0;
				TEST_HOST = "$(BUILT_PRODUCTS_DIR)/CollectionView.app/CollectionView";
			};
			name = Debug;
		};
		5E8BCC011EF258F400DE07D2 /* Release */ = {
			isa = XCBuildConfiguration;
			buildSettings = {
				ALWAYS_EMBED_SWIFT_STANDARD_LIBRARIES = YES;
				BUNDLE_LOADER = "$(TEST_HOST)";
				DEVELOPMENT_TEAM = 3Y97H6LP36;
				INFOPLIST_FILE = CollectionViewTests/Info.plist;
				LD_RUNPATH_SEARCH_PATHS = "$(inherited) @executable_path/Frameworks @loader_path/Frameworks";
				PRODUCT_BUNDLE_IDENTIFIER = Kenes.CollectionViewTests;
				PRODUCT_NAME = "$(TARGET_NAME)";
				SWIFT_VERSION = 3.0;
				TEST_HOST = "$(BUILT_PRODUCTS_DIR)/CollectionView.app/CollectionView";
			};
			name = Release;
		};
		5E8BCC031EF258F400DE07D2 /* Debug */ = {
			isa = XCBuildConfiguration;
			buildSettings = {
				ALWAYS_EMBED_SWIFT_STANDARD_LIBRARIES = YES;
				DEVELOPMENT_TEAM = 3Y97H6LP36;
				INFOPLIST_FILE = CollectionViewUITests/Info.plist;
				LD_RUNPATH_SEARCH_PATHS = "$(inherited) @executable_path/Frameworks @loader_path/Frameworks";
				PRODUCT_BUNDLE_IDENTIFIER = Kenes.CollectionViewUITests;
				PRODUCT_NAME = "$(TARGET_NAME)";
				SWIFT_VERSION = 3.0;
				TEST_TARGET_NAME = CollectionView;
			};
			name = Debug;
		};
		5E8BCC041EF258F400DE07D2 /* Release */ = {
			isa = XCBuildConfiguration;
			buildSettings = {
				ALWAYS_EMBED_SWIFT_STANDARD_LIBRARIES = YES;
				DEVELOPMENT_TEAM = 3Y97H6LP36;
				INFOPLIST_FILE = CollectionViewUITests/Info.plist;
				LD_RUNPATH_SEARCH_PATHS = "$(inherited) @executable_path/Frameworks @loader_path/Frameworks";
				PRODUCT_BUNDLE_IDENTIFIER = Kenes.CollectionViewUITests;
				PRODUCT_NAME = "$(TARGET_NAME)";
				SWIFT_VERSION = 3.0;
				TEST_TARGET_NAME = CollectionView;
			};
			name = Release;
		};
/* End XCBuildConfiguration section */

/* Begin XCConfigurationList section */
		5E8BCBCC1EF258F400DE07D2 /* Build configuration list for PBXProject "CollectionView" */ = {
			isa = XCConfigurationList;
			buildConfigurations = (
				5E8BCBFA1EF258F400DE07D2 /* Debug */,
				5E8BCBFB1EF258F400DE07D2 /* Release */,
			);
			defaultConfigurationIsVisible = 0;
			defaultConfigurationName = Release;
		};
		5E8BCBFC1EF258F400DE07D2 /* Build configuration list for PBXNativeTarget "CollectionView" */ = {
			isa = XCConfigurationList;
			buildConfigurations = (
				5E8BCBFD1EF258F400DE07D2 /* Debug */,
				5E8BCBFE1EF258F400DE07D2 /* Release */,
			);
			defaultConfigurationIsVisible = 0;
		};
		5E8BCBFF1EF258F400DE07D2 /* Build configuration list for PBXNativeTarget "CollectionViewTests" */ = {
			isa = XCConfigurationList;
			buildConfigurations = (
				5E8BCC001EF258F400DE07D2 /* Debug */,
				5E8BCC011EF258F400DE07D2 /* Release */,
			);
			defaultConfigurationIsVisible = 0;
		};
		5E8BCC021EF258F400DE07D2 /* Build configuration list for PBXNativeTarget "CollectionViewUITests" */ = {
			isa = XCConfigurationList;
			buildConfigurations = (
				5E8BCC031EF258F400DE07D2 /* Debug */,
				5E8BCC041EF258F400DE07D2 /* Release */,
			);
			defaultConfigurationIsVisible = 0;
		};
/* End XCConfigurationList section */

/* Begin XCVersionGroup section */
		5E8BCBDB1EF258F400DE07D2 /* CollectionView.xcdatamodeld */ = {
			isa = XCVersionGroup;
			children = (
				5E8BCBDC1EF258F400DE07D2 /* CollectionView.xcdatamodel */,
			);
			currentVersion = 5E8BCBDC1EF258F400DE07D2 /* CollectionView.xcdatamodel */;
			path = CollectionView.xcdatamodeld;
			sourceTree = "<group>";
			versionGroupType = wrapper.xcdatamodel;
		};
/* End XCVersionGroup section */
	};
	rootObject = 5E8BCBC91EF258F400DE07D2 /* Project object */;
}
